
Microsoft Visual Studio Solution File, Format Version 12.00
# Visual Studio Version 17
VisualStudioVersion = 17.14.36301.6 d17.14
MinimumVisualStudioVersion = 10.0.40219.1
Project("{FAE04EC0-301F-11D3-BF4B-00C04F79EFBC}") = "Singleton", "Singleton\Singleton.csproj", "{FD3CC266-1068-4C61-AB76-7F8A8AC18704}"
EndProject
Global
	GlobalSection(SolutionConfigurationPlatforms) = preSolution
		Debug|Any CPU = Debug|Any CPU
		Release|Any CPU = Release|Any CPU
	EndGlobalSection
	GlobalSection(ProjectConfigurationPlatforms) = postSolution
		{FD3CC266-1068-4C61-AB76-7F8A8AC18704}.Debug|Any CPU.ActiveCfg = Debug|Any CPU
		{FD3CC266-1068-4C61-AB76-7F8A8AC18704}.Debug|Any CPU.Build.0 = Debug|Any CPU
		{FD3CC266-1068-4C61-AB76-7F8A8AC18704}.Release|Any CPU.ActiveCfg = Release|Any CPU
		{FD3CC266-1068-4C61-AB76-7F8A8AC18704}.Release|Any CPU.Build.0 = Release|Any CPU
	EndGlobalSection
	GlobalSection(SolutionProperties) = preSolution
		HideSolutionNode = FALSE
	EndGlobalSection
	GlobalSection(ExtensibilityGlobals) = postSolution
		SolutionGuid = {0B46555D-9F28-428C-8251-2BAC9FCC0756}
	EndGlobalSection
EndGlobal
